{
	"name": "backend",
	"lockfileVersion": 3,
	"requires": true,
	"packages": {
		"": {
			"dependencies": {
				"@preact/signals": "^2.3.2",
				"@preact/signals-core": "^1.12.1"
			},
			"devDependencies": {
				"daisyui": "^5.3.8"
			}
		},
		"node_modules/.pnpm/@preact+signals-core@1.12.1/node_modules/@preact/signals-core": {
			"version": "1.12.1",
			"license": "MIT",
			"funding": {
				"type": "opencollective",
				"url": "https://opencollective.com/preact"
			}
		},
		"node_modules/.pnpm/@preact+signals@2.3.2_preact@10.27.2": {},
		"node_modules/.pnpm/@preact+signals@2.3.2_preact@10.27.2/node_modules/@preact/signals": {
			"version": "2.3.2",
			"license": "MIT",
			"dependencies": {
				"@preact/signals-core": "^1.12.0"
			},
			"funding": {
				"type": "opencollective",
				"url": "https://opencollective.com/preact"
			},
			"peerDependencies": {
				"preact": ">= 10.25.0 || >=11.0.0-0"
			}
		},
		"node_modules/.pnpm/@preact+signals@2.3.2_preact@10.27.2/node_modules/@preact/signals-core": {
			"resolved": "node_modules/.pnpm/@preact+signals-core@1.12.1/node_modules/@preact/signals-core",
			"link": true
		},
		"node_modules/.pnpm/preact@10.27.2/node_modules/preact": {
			"version": "10.27.2",
			"extraneous": true,
			"license": "MIT",
			"devDependencies": {
				"@actions/github": "^6.0.0",
				"@actions/glob": "^0.5.0",
				"@babel/core": "^7.26.0",
				"@babel/plugin-transform-react-jsx": "^7.25.9",
				"@babel/plugin-transform-react-jsx-source": "^7.25.9",
				"@babel/preset-env": "^7.26.0",
				"@babel/register": "^7.25.9",
				"@biomejs/biome": "^1.9.4",
				"@types/chai": "^5.0.1",
				"@types/mocha": "^10.0.0",
				"@types/node": "^18.19.87",
				"@types/sinon": "^17.0.3",
				"@vitest/browser": "^3.2.1",
				"@vitest/coverage-istanbul": "^3.2.1",
				"babel-plugin-transform-rename-properties": "0.1.0",
				"chai": "^5.2.0",
				"coveralls": "^3.1.1",
				"cross-env": "^7.0.3",
				"errorstacks": "^2.4.1",
				"esbuild": "^0.24.0",
				"husky": "^9.1.7",
				"kolorist": "^1.8.0",
				"microbundle": "^0.15.1",
				"mocha": "^11.0.0",
				"npm-run-all2": "^7.0.0",
				"oxlint": "^0.15.12",
				"preact-render-to-string": "^6.5.0",
				"prop-types": "^15.8.1",
				"sade": "^1.8.1",
				"sinon": "^19.0.2",
				"sinon-chai": "^4.0.0",
				"terser": "5.16.0",
				"typescript": "5.1.6",
				"undici": "^4.12.0",
				"vite": "^6.2.0",
				"vitest": "^3.2.1",
				"webdriverio": "^9.15.0"
			},
			"funding": {
				"type": "opencollective",
				"url": "https://opencollective.com/preact"
			}
		},
		"node_modules/@preact/signals": {
			"resolved": "node_modules/.pnpm/@preact+signals@2.3.2_preact@10.27.2/node_modules/@preact/signals",
			"link": true
		},
		"node_modules/@preact/signals-core": {
			"resolved": "node_modules/.pnpm/@preact+signals-core@1.12.1/node_modules/@preact/signals-core",
			"link": true
		},
		"node_modules/daisyui": {
			"version": "5.3.8",
			"resolved": "https://registry.npmjs.org/daisyui/-/daisyui-5.3.8.tgz",
			"integrity": "sha512-ihDXb07IzM/2ugkwBWdy2LFCaepdn1oGsKIsR3gNG/VuTAmS60+HUG9rskjR5BzyJOVVUDDpWoiX3PBDIT3DYQ==",
			"dev": true,
			"license": "MIT",
			"funding": {
				"url": "https://github.com/saadeghi/daisyui?sponsor=1"
			}
		},
		"node_modules/preact": {
			"version": "10.27.2",
			"resolved": "https://registry.npmjs.org/preact/-/preact-10.27.2.tgz",
			"integrity": "sha512-5SYSgFKSyhCbk6SrXyMpqjb5+MQBgfvEKE/OC+PujcY34sOpqtr+0AZQtPYx5IA6VxynQ7rUPCtKzyovpj9Bpg==",
			"dev": true,
			"license": "MIT",
			"peer": true,
			"funding": {
				"type": "opencollective",
				"url": "https://opencollective.com/preact"
			}
		},
		"node_modules/preact-render-to-string": {
			"version": "5.2.6",
			"resolved": "https://registry.npmjs.org/preact-render-to-string/-/preact-render-to-string-5.2.6.tgz",
			"integrity": "sha512-JyhErpYOvBV1hEPwIxc/fHWXPfnEGdRKxc8gFdAZ7XV4tlzyzG847XAyEZqoDnynP88akM4eaHcSOzNcLWFguw==",
			"dev": true,
			"license": "MIT",
			"dependencies": {
				"pretty-format": "^3.8.0"
			},
			"peerDependencies": {
				"preact": ">=10"
			}
		},
		"node_modules/preact-render-to-string/node_modules/pretty-format": {
			"version": "3.8.0",
			"resolved": "https://registry.npmjs.org/pretty-format/-/pretty-format-3.8.0.tgz",
			"integrity": "sha512-WuxUnVtlWL1OfZFQFuqvnvs6MiAGk9UNsBostyBOB0Is9wb5uRESevA6rnl/rkksXaGX3GzZhPup5d6Vp1nFew==",
			"dev": true,
			"license": "MIT"
		}
	}
}
