lockfileVersion: '9.0'

settings:
  autoInstallPeers: true
  excludeLinksFromLockfile: false

importers:

  .:
    dependencies:
      '@preact/signals':
        specifier: ^2.3.2
        version: 2.3.2(preact@10.27.2)
      '@preact/signals-core':
        specifier: ^1.12.1
        version: 1.12.1
    devDependencies:
      daisyui:
        specifier: ^5.3.8
        version: 5.3.8

packages:

  '@preact/signals-core@1.12.1':
    resolution: {integrity: sha512-BwbTXpj+9QutoZLQvbttRg5x3l5468qaV2kufh+51yha1c53ep5dY4kTuZR35+3pAZxpfQerGJiQqg34ZNZ6uA==}

  '@preact/signals@2.3.2':
    resolution: {integrity: sha512-Q22avIn4z0BQnmFeo6Y5HCnJTo8VufN84zN51OtqeNgZOVCYgdwEOcJKVX1x/IrjRVxUnOy6Ubn7H5aVFujXaQ==}
    peerDependencies:
      preact: '>= 10.25.0 || >=11.0.0-0'

  daisyui@5.3.8:
    resolution: {integrity: sha512-ihDXb07IzM/2ugkwBWdy2LFCaepdn1oGsKIsR3gNG/VuTAmS60+HUG9rskjR5BzyJOVVUDDpWoiX3PBDIT3DYQ==}

  preact@10.27.2:
    resolution: {integrity: sha512-5SYSgFKSyhCbk6SrXyMpqjb5+MQBgfvEKE/OC+PujcY34sOpqtr+0AZQtPYx5IA6VxynQ7rUPCtKzyovpj9Bpg==}

snapshots:

  '@preact/signals-core@1.12.1': {}

  '@preact/signals@2.3.2(preact@10.27.2)':
    dependencies:
      '@preact/signals-core': 1.12.1
      preact: 10.27.2

  daisyui@5.3.8: {}

  preact@10.27.2: {}
